// !$*UTF8*$!
{
	archiveVersion = 1;
	classes = {
	};
	objectVersion = 77;
	objects = {

/* Begin PBXContainerItemProxy section */
		0E21ABC42E3E888B009066F3 /* PBXContainerItemProxy */ = {
			isa = PBXContainerItemProxy;
			containerPortal = 0E21ABA62E3E8888009066F3 /* Project object */;
			proxyType = 1;
			remoteGlobalIDString = 0E21ABAD2E3E8888009066F3;
			remoteInfo = SketchPad;
		};
		0E21ABCE2E3E888B009066F3 /* PBXContainerItemProxy */ = {
			isa = PBXContainerItemProxy;
			containerPortal = 0E21ABA62E3E8888009066F3 /* Project object */;
			proxyType = 1;
			remoteGlobalIDString = 0E21ABAD2E3E8888009066F3;
			remoteInfo = SketchPad;
		};
/* End PBXContainerItemProxy section */

/* Begin PBXFileReference section */
		0E21ABAE2E3E8888009066F3 /* SketchPad.app */ = {isa = PBXFileReference; explicitFileType = wrapper.application; includeInIndex = 0; path = SketchPad.app; sourceTree = BUILT_PRODUCTS_DIR; };
		0E21ABC32E3E888B009066F3 /* SketchPadTests.xctest */ = {isa = PBXFileReference; explicitFileType = wrapper.cfbundle; includeInIndex = 0; path = SketchPadTests.xctest; sourceTree = BUILT_PRODUCTS_DIR; };
		0E21ABCD2E3E888B009066F3 /* SketchPadUITests.xctest */ = {isa = PBXFileReference; explicitFileType = wrapper.cfbundle; includeInIndex = 0; path = SketchPadUITests.xctest; sourceTree = BUILT_PRODUCTS_DIR; };
/* End PBXFileReference section */

/* Begin PBXFileSystemSynchronizedRootGroup section */
		0E21ABB02E3E8888009066F3 /* SketchPad */ = {
			isa = PBXFileSystemSynchronizedRootGroup;
			path = SketchPad;
			sourceTree = "<group>";
		};
		0E21ABC62E3E888B009066F3 /* SketchPadTests */ = {
			isa = PBXFileSystemSynchronizedRootGroup;
			path = SketchPadTests;
			sourceTree = "<group>";
		};
		0E21ABD02E3E888B009066F3 /* SketchPadUITests */ = {
			isa = PBXFileSystemSynchronizedRootGroup;
			path = SketchPadUITests;
			sourceTree = "<group>";
		};
/* End PBXFileSystemSynchronizedRootGroup section */

/* Begin PBXFrameworksBuildPhase section */
		0E21ABAB2E3E8888009066F3 /* Frameworks */ = {
			isa = PBXFrameworksBuildPhase;
			buildActionMask = 2147483647;
			files = (
			);
			runOnlyForDeploymentPostprocessing = 0;
		};
		0E21ABC02E3E888B009066F3 /* Frameworks */ = {
			isa = PBXFrameworksBuildPhase;
			buildActionMask = 2147483647;
			files = (
			);
			runOnlyForDeploymentPostprocessing = 0;
		};
		0E21ABCA2E3E888B009066F3 /* Frameworks */ = {
			isa = PBXFrameworksBuildPhase;
			buildActionMask = 2147483647;
			files = (
			);
			runOnlyForDeploymentPostprocessing = 0;
		};
/* End PBXFrameworksBuildPhase section */

/* Begin PBXGroup section */
		0E21ABA52E3E8888009066F3 = {
			isa = PBXGroup;
			children = (
				0E21ABB02E3E8888009066F3 /* SketchPad */,
				0E21ABC62E3E888B009066F3 /* SketchPadTests */,
				0E21ABD02E3E888B009066F3 /* SketchPadUITests */,
				0E21ABAF2E3E8888009066F3 /* Products */,
			);
			sourceTree = "<group>";
		};
		0E21ABAF2E3E8888009066F3 /* Products */ = {
			isa = PBXGroup;
			children = (
				0E21ABAE2E3E8888009066F3 /* SketchPad.app */,
				0E21ABC32E3E888B009066F3 /* SketchPadTests.xctest */,
				0E21ABCD2E3E888B009066F3 /* SketchPadUITests.xctest */,
			);
			name = Products;
			sourceTree = "<group>";
		};
/* End PBXGroup section */

/* Begin PBXNativeTarget section */
		0E21ABAD2E3E8888009066F3 /* SketchPad */ = {
			isa = PBXNativeTarget;
			buildConfigurationList = 0E21ABD72E3E888C009066F3 /* Build configuration list for PBXNativeTarget "SketchPad" */;
			buildPhases = (
				0E21ABAA2E3E8888009066F3 /* Sources */,
				0E21ABAB2E3E8888009066F3 /* Frameworks */,
				0E21ABAC2E3E8888009066F3 /* Resources */,
			);
			buildRules = (
			);
			dependencies = (
			);
			fileSystemSynchronizedGroups = (
				0E21ABB02E3E8888009066F3 /* SketchPad */,
			);
			name = SketchPad;
			packageProductDependencies = (
			);
			productName = SketchPad;
			productReference = 0E21ABAE2E3E8888009066F3 /* SketchPad.app */;
			productType = "com.apple.product-type.application";
		};
		0E21ABC22E3E888B009066F3 /* SketchPadTests */ = {
			isa = PBXNativeTarget;
			buildConfigurationList = 0E21ABDA2E3E888C009066F3 /* Build configuration list for PBXNativeTarget "SketchPadTests" */;
			buildPhases = (
				0E21ABBF2E3E888B009066F3 /* Sources */,
				0E21ABC02E3E888B009066F3 /* Frameworks */,
				0E21ABC12E3E888B009066F3 /* Resources */,
			);
			buildRules = (
			);
			dependencies = (
				0E21ABC52E3E888B009066F3 /* PBXTargetDependency */,
			);
			fileSystemSynchronizedGroups = (
				0E21ABC62E3E888B009066F3 /* SketchPadTests */,
			);
			name = SketchPadTests;
			packageProductDependencies = (
			);
			productName = SketchPadTests;
			productReference = 0E21ABC32E3E888B009066F3 /* SketchPadTests.xctest */;
			productType = "com.apple.product-type.bundle.unit-test";
		};
		0E21ABCC2E3E888B009066F3 /* SketchPadUITests */ = {
			isa = PBXNativeTarget;
			buildConfigurationList = 0E21ABDD2E3E888C009066F3 /* Build configuration list for PBXNativeTarget "SketchPadUITests" */;
			buildPhases = (
				0E21ABC92E3E888B009066F3 /* Sources */,
				0E21ABCA2E3E888B009066F3 /* Frameworks */,
				0E21ABCB2E3E888B009066F3 /* Resources */,
			);
			buildRules = (
			);
			dependencies = (
				0E21ABCF2E3E888B009066F3 /* PBXTargetDependency */,
			);
			fileSystemSynchronizedGroups = (
				0E21ABD02E3E888B009066F3 /* SketchPadUITests */,
			);
			name = SketchPadUITests;
			packageProductDependencies = (
			);
			productName = SketchPadUITests;
			productReference = 0E21ABCD2E3E888B009066F3 /* SketchPadUITests.xctest */;
			productType = "com.apple.product-type.bundle.ui-testing";
		};
/* End PBXNativeTarget section */

/* Begin PBXProject section */
		0E21ABA62E3E8888009066F3 /* Project object */ = {
			isa = PBXProject;
			attributes = {
				BuildIndependentTargetsInParallel = 1;
				LastSwiftUpdateCheck = 1620;
				LastUpgradeCheck = 1620;
				TargetAttributes = {
					0E21ABAD2E3E8888009066F3 = {
						CreatedOnToolsVersion = 16.2;
					};
					0E21ABC22E3E888B009066F3 = {
						CreatedOnToolsVersion = 16.2;
						TestTargetID = 0E21ABAD2E3E8888009066F3;
					};
					0E21ABCC2E3E888B009066F3 = {
						CreatedOnToolsVersion = 16.2;
						TestTargetID = 0E21ABAD2E3E8888009066F3;
					};
				};
			};
			buildConfigurationList = 0E21ABA92E3E8888009066F3 /* Build configuration list for PBXProject "SketchPad" */;
			developmentRegion = en;
			hasScannedForEncodings = 0;
			knownRegions = (
				en,
				Base,
			);
			mainGroup = 0E21ABA52E3E8888009066F3;
			minimizedProjectReferenceProxies = 1;
			preferredProjectObjectVersion = 77;
			productRefGroup = 0E21ABAF2E3E8888009066F3 /* Products */;
			projectDirPath = "";
			projectRoot = "";
			targets = (
				0E21ABAD2E3E8888009066F3 /* SketchPad */,
				0E21ABC22E3E888B009066F3 /* SketchPadTests */,
				0E21ABCC2E3E888B009066F3 /* SketchPadUITests */,
			);
		};
/* End PBXProject section */

/* Begin PBXResourcesBuildPhase section */
		0E21ABAC2E3E8888009066F3 /* Resources */ = {
			isa = PBXResourcesBuildPhase;
			buildActionMask = 2147483647;
			files = (
			);
			runOnlyForDeploymentPostprocessing = 0;
		};
		0E21ABC12E3E888B009066F3 /* Resources */ = {
			isa = PBXResourcesBuildPhase;
			buildActionMask = 2147483647;
			files = (
			);
			runOnlyForDeploymentPostprocessing = 0;
		};
		0E21ABCB2E3E888B009066F3 /* Resources */ = {
			isa = PBXResourcesBuildPhase;
			buildActionMask = 2147483647;
			files = (
			);
			runOnlyForDeploymentPostprocessing = 0;
		};
/* End PBXResourcesBuildPhase section */

/* Begin PBXSourcesBuildPhase section */
		0E21ABAA2E3E8888009066F3 /* Sources */ = {
			isa = PBXSourcesBuildPhase;
			buildActionMask = 2147483647;
			files = (
			);
			runOnlyForDeploymentPostprocessing = 0;
		};
		0E21ABBF2E3E888B009066F3 /* Sources */ = {
			isa = PBXSourcesBuildPhase;
			buildActionMask = 2147483647;
			files = (
			);
			runOnlyForDeploymentPostprocessing = 0;
		};
		0E21ABC92E3E888B009066F3 /* Sources */ = {
			isa = PBXSourcesBuildPhase;
			buildActionMask = 2147483647;
			files = (
			);
			runOnlyForDeploymentPostprocessing = 0;
		};
/* End PBXSourcesBuildPhase section */

/* Begin PBXTargetDependency section */
		0E21ABC52E3E888B009066F3 /* PBXTargetDependency */ = {
			isa = PBXTargetDependency;
			target = 0E21ABAD2E3E8888009066F3 /* SketchPad */;
			targetProxy = 0E21ABC42E3E888B009066F3 /* PBXContainerItemProxy */;
		};
		0E21ABCF2E3E888B009066F3 /* PBXTargetDependency */ = {
			isa = PBXTargetDependency;
			target = 0E21ABAD2E3E8888009066F3 /* SketchPad */;
			targetProxy = 0E21ABCE2E3E888B009066F3 /* PBXContainerItemProxy */;
		};
/* End PBXTargetDependency section */

/* Begin XCBuildConfiguration section */
		0E21ABD52E3E888C009066F3 /* Debug */ = {
			isa = XCBuildConfiguration;
			buildSettings = {
				ALWAYS_SEARCH_USER_PATHS = NO;
				ASSETCATALOG_COMPILER_GENERATE_SWIFT_ASSET_SYMBOL_EXTENSIONS = YES;
				CLANG_ANALYZER_NONNULL = YES;
				CLANG_ANALYZER_NUMBER_OBJECT_CONVERSION = YES_AGGRESSIVE;
				CLANG_CXX_LANGUAGE_STANDARD = "gnu++20";
				CLANG_ENABLE_MODULES = YES;
				CLANG_ENABLE_OBJC_ARC = YES;
				CLANG_ENABLE_OBJC_WEAK = YES;
				CLANG_WARN_BLOCK_CAPTURE_AUTORELEASING = YES;
				CLANG_WARN_BOOL_CONVERSION = YES;
				CLANG_WARN_COMMA = YES;
				CLANG_WARN_CONSTANT_CONVERSION = YES;
				CLANG_WARN_DEPRECATED_OBJC_IMPLEMENTATIONS = YES;
				CLANG_WARN_DIRECT_OBJC_ISA_USAGE = YES_ERROR;
				CLANG_WARN_DOCUMENTATION_COMMENTS = YES;
				CLANG_WARN_EMPTY_BODY = YES;
				CLANG_WARN_ENUM_CONVERSION = YES;
				CLANG_WARN_INFINITE_RECURSION = YES;
				CLANG_WARN_INT_CONVERSION = YES;
				CLANG_WARN_NON_LITERAL_NULL_CONVERSION = YES;
				CLANG_WARN_OBJC_IMPLICIT_RETAIN_SELF = YES;
				CLANG_WARN_OBJC_LITERAL_CONVERSION = YES;
				CLANG_WARN_OBJC_ROOT_CLASS = YES_ERROR;
				CLANG_WARN_QUOTED_INCLUDE_IN_FRAMEWORK_HEADER = YES;
				CLANG_WARN_RANGE_LOOP_ANALYSIS = YES;
				CLANG_WARN_STRICT_PROTOTYPES = YES;
				CLANG_WARN_SUSPICIOUS_MOVE = YES;
				CLANG_WARN_UNGUARDED_AVAILABILITY = YES_AGGRESSIVE;
				CLANG_WARN_UNREACHABLE_CODE = YES;
				CLANG_WARN__DUPLICATE_METHOD_MATCH = YES;
				COPY_PHASE_STRIP = NO;
				DEBUG_INFORMATION_FORMAT = dwarf;
				ENABLE_STRICT_OBJC_MSGSEND = YES;
				ENABLE_TESTABILITY = YES;
				ENABLE_USER_SCRIPT_SANDBOXING = YES;
				GCC_C_LANGUAGE_STANDARD = gnu17;
				GCC_DYNAMIC_NO_PIC = NO;
				GCC_NO_COMMON_BLOCKS = YES;
				GCC_OPTIMIZATION_LEVEL = 0;
				GCC_PREPROCESSOR_DEFINITIONS = (
					"DEBUG=1",
					"$(inherited)",
				);
				GCC_WARN_64_TO_32_BIT_CONVERSION = YES;
				GCC_WARN_ABOUT_RETURN_TYPE = YES_ERROR;
				GCC_WARN_UNDECLARED_SELECTOR = YES;
				GCC_WARN_UNINITIALIZED_AUTOS = YES_AGGRESSIVE;
				GCC_WARN_UNUSED_FUNCTION = YES;
				GCC_WARN_UNUSED_VARIABLE = YES;
				IPHONEOS_DEPLOYMENT_TARGET = 18.2;
				LOCALIZATION_PREFERS_STRING_CATALOGS = YES;
				MTL_ENABLE_DEBUG_INFO = INCLUDE_SOURCE;
				MTL_FAST_MATH = YES;
				ONLY_ACTIVE_ARCH = YES;
				SDKROOT = iphoneos;
				SWIFT_ACTIVE_COMPILATION_CONDITIONS = "DEBUG $(inherited)";
				SWIFT_OPTIMIZATION_LEVEL = "-Onone";
			};
			name = Debug;
		};
		0E21ABD62E3E888C009066F3 /* Release */ = {
			isa = XCBuildConfiguration;
			buildSettings = {
				ALWAYS_SEARCH_USER_PATHS = NO;
				ASSETCATALOG_COMPILER_GENERATE_SWIFT_ASSET_SYMBOL_EXTENSIONS = YES;
				CLANG_ANALYZER_NONNULL = YES;
				CLANG_ANALYZER_NUMBER_OBJECT_CONVERSION = YES_AGGRESSIVE;
				CLANG_CXX_LANGUAGE_STANDARD = "gnu++20";
				CLANG_ENABLE_MODULES = YES;
				CLANG_ENABLE_OBJC_ARC = YES;
				CLANG_ENABLE_OBJC_WEAK = YES;
				CLANG_WARN_BLOCK_CAPTURE_AUTORELEASING = YES;
				CLANG_WARN_BOOL_CONVERSION = YES;
				CLANG_WARN_COMMA = YES;
				CLANG_WARN_CONSTANT_CONVERSION = YES;
				CLANG_WARN_DEPRECATED_OBJC_IMPLEMENTATIONS = YES;
				CLANG_WARN_DIRECT_OBJC_ISA_USAGE = YES_ERROR;
				CLANG_WARN_DOCUMENTATION_COMMENTS = YES;
				CLANG_WARN_EMPTY_BODY = YES;
				CLANG_WARN_ENUM_CONVERSION = YES;
				CLANG_WARN_INFINITE_RECURSION = YES;
				CLANG_WARN_INT_CONVERSION = YES;
				CLANG_WARN_NON_LITERAL_NULL_CONVERSION = YES;
				CLANG_WARN_OBJC_IMPLICIT_RETAIN_SELF = YES;
				CLANG_WARN_OBJC_LITERAL_CONVERSION = YES;
				CLANG_WARN_OBJC_ROOT_CLASS = YES_ERROR;
				CLANG_WARN_QUOTED_INCLUDE_IN_FRAMEWORK_HEADER = YES;
				CLANG_WARN_RANGE_LOOP_ANALYSIS = YES;
				CLANG_WARN_STRICT_PROTOTYPES = YES;
				CLANG_WARN_SUSPICIOUS_MOVE = YES;
				CLANG_WARN_UNGUARDED_AVAILABILITY = YES_AGGRESSIVE;
				CLANG_WARN_UNREACHABLE_CODE = YES;
				CLANG_WARN__DUPLICATE_METHOD_MATCH = YES;
				COPY_PHASE_STRIP = NO;
				DEBUG_INFORMATION_FORMAT = "dwarf-with-dsym";
				ENABLE_NS_ASSERTIONS = NO;
				ENABLE_STRICT_OBJC_MSGSEND = YES;
				ENABLE_USER_SCRIPT_SANDBOXING = YES;
				GCC_C_LANGUAGE_STANDARD = gnu17;
				GCC_NO_COMMON_BLOCKS = YES;
				GCC_WARN_64_TO_32_BIT_CONVERSION = YES;
				GCC_WARN_ABOUT_RETURN_TYPE = YES_ERROR;
				GCC_WARN_UNDECLARED_SELECTOR = YES;
				GCC_WARN_UNINITIALIZED_AUTOS = YES_AGGRESSIVE;
				GCC_WARN_UNUSED_FUNCTION = YES;
				GCC_WARN_UNUSED_VARIABLE = YES;
				IPHONEOS_DEPLOYMENT_TARGET = 18.2;
				LOCALIZATION_PREFERS_STRING_CATALOGS = YES;
				MTL_ENABLE_DEBUG_INFO = NO;
				MTL_FAST_MATH = YES;
				SDKROOT = iphoneos;
				SWIFT_COMPILATION_MODE = wholemodule;
				VALIDATE_PRODUCT = YES;
			};
			name = Release;
		};
		0E21ABD82E3E888C009066F3 /* Debug */ = {
			isa = XCBuildConfiguration;
			buildSettings = {
				ASSETCATALOG_COMPILER_APPICON_NAME = AppIcon;
				ASSETCATALOG_COMPILER_GLOBAL_ACCENT_COLOR_NAME = AccentColor;
				CODE_SIGN_STYLE = Automatic;
				CURRENT_PROJECT_VERSION = 1;
				DEVELOPMENT_ASSET_PATHS = "\"SketchPad/Preview Content\"";
				DEVELOPMENT_TEAM = U7HC43GSMU;
				ENABLE_PREVIEWS = YES;
				GENERATE_INFOPLIST_FILE = YES;
				INFOPLIST_KEY_UIApplicationSceneManifest_Generation = YES;
				INFOPLIST_KEY_UIApplicationSupportsIndirectInputEvents = YES;
				INFOPLIST_KEY_UILaunchScreen_Generation = YES;
				INFOPLIST_KEY_UISupportedInterfaceOrientations_iPad = "UIInterfaceOrientationPortrait UIInterfaceOrientationPortraitUpsideDown UIInterfaceOrientationLandscapeLeft UIInterfaceOrientationLandscapeRight";
				INFOPLIST_KEY_UISupportedInterfaceOrientations_iPhone = "UIInterfaceOrientationPortrait UIInterfaceOrientationLandscapeLeft UIInterfaceOrientationLandscapeRight";
				LD_RUNPATH_SEARCH_PATHS = (
					"$(inherited)",
					"@executable_path/Frameworks",
				);
				MARKETING_VERSION = 1.0;
				PRODUCT_BUNDLE_IDENTIFIER = sketchpad.SketchPad;
				PRODUCT_NAME = "$(TARGET_NAME)";
				SWIFT_EMIT_LOC_STRINGS = YES;
				SWIFT_VERSION = 5.0;
				TARGETED_DEVICE_FAMILY = "1,2";
			};
			name = Debug;
		};
		0E21ABD92E3E888C009066F3 /* Release */ = {
			isa = XCBuildConfiguration;
			buildSettings = {
				ASSETCATALOG_COMPILER_APPICON_NAME = AppIcon;
				ASSETCATALOG_COMPILER_GLOBAL_ACCENT_COLOR_NAME = AccentColor;
				CODE_SIGN_STYLE = Automatic;
				CURRENT_PROJECT_VERSION = 1;
				DEVELOPMENT_ASSET_PATHS = "\"SketchPad/Preview Content\"";
				DEVELOPMENT_TEAM = U7HC43GSMU;
				ENABLE_PREVIEWS = YES;
				GENERATE_INFOPLIST_FILE = YES;
				INFOPLIST_KEY_UIApplicationSceneManifest_Generation = YES;
				INFOPLIST_KEY_UIApplicationSupportsIndirectInputEvents = YES;
				INFOPLIST_KEY_UILaunchScreen_Generation = YES;
				INFOPLIST_KEY_UISupportedInterfaceOrientations_iPad = "UIInterfaceOrientationPortrait UIInterfaceOrientationPortraitUpsideDown UIInterfaceOrientationLandscapeLeft UIInterfaceOrientationLandscapeRight";
				INFOPLIST_KEY_UISupportedInterfaceOrientations_iPhone = "UIInterfaceOrientationPortrait UIInterfaceOrientationLandscapeLeft UIInterfaceOrientationLandscapeRight";
				LD_RUNPATH_SEARCH_PATHS = (
					"$(inherited)",
					"@executable_path/Frameworks",
				);
				MARKETING_VERSION = 1.0;
				PRODUCT_BUNDLE_IDENTIFIER = sketchpad.SketchPad;
				PRODUCT_NAME = "$(TARGET_NAME)";
				SWIFT_EMIT_LOC_STRINGS = YES;
				SWIFT_VERSION = 5.0;
				TARGETED_DEVICE_FAMILY = "1,2";
			};
			name = Release;
		};
		0E21ABDB2E3E888C009066F3 /* Debug */ = {
			isa = XCBuildConfiguration;
			buildSettings = {
				BUNDLE_LOADER = "$(TEST_HOST)";
				CODE_SIGN_STYLE = Automatic;
				CURRENT_PROJECT_VERSION = 1;
				DEVELOPMENT_TEAM = U7HC43GSMU;
				GENERATE_INFOPLIST_FILE = YES;
				IPHONEOS_DEPLOYMENT_TARGET = 18.2;
				MARKETING_VERSION = 1.0;
				PRODUCT_BUNDLE_IDENTIFIER = sketchpad.SketchPadTests;
				PRODUCT_NAME = "$(TARGET_NAME)";
				SWIFT_EMIT_LOC_STRINGS = NO;
				SWIFT_VERSION = 5.0;
				TARGETED_DEVICE_FAMILY = "1,2";
				TEST_HOST = "$(BUILT_PRODUCTS_DIR)/SketchPad.app/$(BUNDLE_EXECUTABLE_FOLDER_PATH)/SketchPad";
			};
			name = Debug;
		};
		0E21ABDC2E3E888C009066F3 /* Release */ = {
			isa = XCBuildConfiguration;
			buildSettings = {
				BUNDLE_LOADER = "$(TEST_HOST)";
				CODE_SIGN_STYLE = Automatic;
				CURRENT_PROJECT_VERSION = 1;
				DEVELOPMENT_TEAM = U7HC43GSMU;
				GENERATE_INFOPLIST_FILE = YES;
				IPHONEOS_DEPLOYMENT_TARGET = 18.2;
				MARKETING_VERSION = 1.0;
				PRODUCT_BUNDLE_IDENTIFIER = sketchpad.SketchPadTests;
				PRODUCT_NAME = "$(TARGET_NAME)";
				SWIFT_EMIT_LOC_STRINGS = NO;
				SWIFT_VERSION = 5.0;
				TARGETED_DEVICE_FAMILY = "1,2";
				TEST_HOST = "$(BUILT_PRODUCTS_DIR)/SketchPad.app/$(BUNDLE_EXECUTABLE_FOLDER_PATH)/SketchPad";
			};
			name = Release;
		};
		0E21ABDE2E3E888C009066F3 /* Debug */ = {
			isa = XCBuildConfiguration;
			buildSettings = {
				CODE_SIGN_STYLE = Automatic;
				CURRENT_PROJECT_VERSION = 1;
				DEVELOPMENT_TEAM = U7HC43GSMU;
				GENERATE_INFOPLIST_FILE = YES;
				MARKETING_VERSION = 1.0;
				PRODUCT_BUNDLE_IDENTIFIER = sketchpad.SketchPadUITests;
				PRODUCT_NAME = "$(TARGET_NAME)";
				SWIFT_EMIT_LOC_STRINGS = NO;
				SWIFT_VERSION = 5.0;
				TARGETED_DEVICE_FAMILY = "1,2";
				TEST_TARGET_NAME = SketchPad;
			};
			name = Debug;
		};
		0E21ABDF2E3E888C009066F3 /* Release */ = {
			isa = XCBuildConfiguration;
			buildSettings = {
				CODE_SIGN_STYLE = Automatic;
				CURRENT_PROJECT_VERSION = 1;
				DEVELOPMENT_TEAM = U7HC43GSMU;
				GENERATE_INFOPLIST_FILE = YES;
				MARKETING_VERSION = 1.0;
				PRODUCT_BUNDLE_IDENTIFIER = sketchpad.SketchPadUITests;
				PRODUCT_NAME = "$(TARGET_NAME)";
				SWIFT_EMIT_LOC_STRINGS = NO;
				SWIFT_VERSION = 5.0;
				TARGETED_DEVICE_FAMILY = "1,2";
				TEST_TARGET_NAME = SketchPad;
			};
			name = Release;
		};
/* End XCBuildConfiguration section */

/* Begin XCConfigurationList section */
		0E21ABA92E3E8888009066F3 /* Build configuration list for PBXProject "SketchPad" */ = {
			isa = XCConfigurationList;
			buildConfigurations = (
				0E21ABD52E3E888C009066F3 /* Debug */,
				0E21ABD62E3E888C009066F3 /* Release */,
			);
			defaultConfigurationIsVisible = 0;
			defaultConfigurationName = Release;
		};
		0E21ABD72E3E888C009066F3 /* Build configuration list for PBXNativeTarget "SketchPad" */ = {
			isa = XCConfigurationList;
			buildConfigurations = (
				0E21ABD82E3E888C009066F3 /* Debug */,
				0E21ABD92E3E888C009066F3 /* Release */,
			);
			defaultConfigurationIsVisible = 0;
			defaultConfigurationName = Release;
		};
		0E21ABDA2E3E888C009066F3 /* Build configuration list for PBXNativeTarget "SketchPadTests" */ = {
			isa = XCConfigurationList;
			buildConfigurations = (
				0E21ABDB2E3E888C009066F3 /* Debug */,
				0E21ABDC2E3E888C009066F3 /* Release */,
			);
			defaultConfigurationIsVisible = 0;
			defaultConfigurationName = Release;
		};
		0E21ABDD2E3E888C009066F3 /* Build configuration list for PBXNativeTarget "SketchPadUITests" */ = {
			isa = XCConfigurationList;
			buildConfigurations = (
				0E21ABDE2E3E888C009066F3 /* Debug */,
				0E21ABDF2E3E888C009066F3 /* Release */,
			);
			defaultConfigurationIsVisible = 0;
			defaultConfigurationName = Release;
		};
/* End XCConfigurationList section */
	};
	rootObject = 0E21ABA62E3E8888009066F3 /* Project object */;
}
